
Microsoft Visual Studio Solution File, Format Version 12.00
# Visual Studio Version 17
VisualStudioVersion = 17.3.32825.248
MinimumVisualStudioVersion = 10.0.40219.1
Project("{2150E333-8FDC-42A3-9474-1A3956D46DE8}") = "src", "src", "{208DC93A-42F5-473D-AD24-EF222B4538A0}"
EndProject
Project("{2150E333-8FDC-42A3-9474-1A3956D46DE8}") = "test", "test", "{E14857C5-0B66-4AA7-AE67-62904FB48BB2}"
EndProject
Project("{2150E333-8FDC-42A3-9474-1A3956D46DE8}") = "Api Gateways", "Api Gateways", "{C0444C70-914F-42DB-A1A0-F4CEBBD58C2F}"
EndProject
Project("{2150E333-8FDC-42A3-9474-1A3956D46DE8}") = "Building Blocks", "Building Blocks", "{81FFD762-F171-4A21-97A9-E31551C82D91}"
EndProject
Project("{2150E333-8FDC-42A3-9474-1A3956D46DE8}") = "Services", "Services", "{2B5600F4-07B7-4C22-939C-D9EB592E5FD2}"
EndProject
Project("{2150E333-8FDC-42A3-9474-1A3956D46DE8}") = "Web", "Web", "{DECFC6E1-D2F7-43B2-A2D4-52B7AA149195}"
EndProject
Project("{2150E333-8FDC-42A3-9474-1A3956D46DE8}") = "Core", "Core", "{1069E2EE-BB95-419C-B27F-5DBD26D2E6CF}"
EndProject
Project("{2150E333-8FDC-42A3-9474-1A3956D46DE8}") = "Identity", "Identity", "{0756C6CB-239E-4636-997E-266ABDFCC1C8}"
EndProject
Project("{FAE04EC0-301F-11D3-BF4B-00C04F79EFBC}") = "DevStore.Identity.API", "src\services\DevStore.Identity.API\DevStore.Identity.API.csproj", "{6CF71763-40E4-4F6F-ACE6-7854C5698A05}"
EndProject
Global
	GlobalSection(SolutionConfigurationPlatforms) = preSolution
		Debug|Any CPU = Debug|Any CPU
		Release|Any CPU = Release|Any CPU
	EndGlobalSection
	GlobalSection(ProjectConfigurationPlatforms) = postSolution
		{6CF71763-40E4-4F6F-ACE6-7854C5698A05}.Debug|Any CPU.ActiveCfg = Debug|Any CPU
		{6CF71763-40E4-4F6F-ACE6-7854C5698A05}.Debug|Any CPU.Build.0 = Debug|Any CPU
		{6CF71763-40E4-4F6F-ACE6-7854C5698A05}.Release|Any CPU.ActiveCfg = Release|Any CPU
		{6CF71763-40E4-4F6F-ACE6-7854C5698A05}.Release|Any CPU.Build.0 = Release|Any CPU
	EndGlobalSection
	GlobalSection(SolutionProperties) = preSolution
		HideSolutionNode = FALSE
	EndGlobalSection
	GlobalSection(NestedProjects) = preSolution
		{C0444C70-914F-42DB-A1A0-F4CEBBD58C2F} = {208DC93A-42F5-473D-AD24-EF222B4538A0}
		{81FFD762-F171-4A21-97A9-E31551C82D91} = {208DC93A-42F5-473D-AD24-EF222B4538A0}
		{2B5600F4-07B7-4C22-939C-D9EB592E5FD2} = {208DC93A-42F5-473D-AD24-EF222B4538A0}
		{DECFC6E1-D2F7-43B2-A2D4-52B7AA149195} = {208DC93A-42F5-473D-AD24-EF222B4538A0}
		{1069E2EE-BB95-419C-B27F-5DBD26D2E6CF} = {81FFD762-F171-4A21-97A9-E31551C82D91}
		{0756C6CB-239E-4636-997E-266ABDFCC1C8} = {2B5600F4-07B7-4C22-939C-D9EB592E5FD2}
		{6CF71763-40E4-4F6F-ACE6-7854C5698A05} = {0756C6CB-239E-4636-997E-266ABDFCC1C8}
	EndGlobalSection
	GlobalSection(ExtensibilityGlobals) = postSolution
		SolutionGuid = {6CB2935A-37C9-4443-AB52-FC407D00CFF4}
	EndGlobalSection
EndGlobal
