
Microsoft Visual Studio Solution File, Format Version 12.00
# Visual Studio Version 17
VisualStudioVersion = 17.3.32825.248
MinimumVisualStudioVersion = 10.0.40219.1
Project("{2150E333-8FDC-42A3-9474-1A3956D46DE8}") = "src", "src", "{208DC93A-42F5-473D-AD24-EF222B4538A0}"
EndProject
Project("{2150E333-8FDC-42A3-9474-1A3956D46DE8}") = "test", "test", "{E14857C5-0B66-4AA7-AE67-62904FB48BB2}"
EndProject
Project("{2150E333-8FDC-42A3-9474-1A3956D46DE8}") = "Api Gateways", "Api Gateways", "{C0444C70-914F-42DB-A1A0-F4CEBBD58C2F}"
EndProject
Project("{2150E333-8FDC-42A3-9474-1A3956D46DE8}") = "Building Blocks", "Building Blocks", "{81FFD762-F171-4A21-97A9-E31551C82D91}"
EndProject
Project("{2150E333-8FDC-42A3-9474-1A3956D46DE8}") = "Services", "Services", "{2B5600F4-07B7-4C22-939C-D9EB592E5FD2}"
EndProject
Project("{2150E333-8FDC-42A3-9474-1A3956D46DE8}") = "Web", "Web", "{DECFC6E1-D2F7-43B2-A2D4-52B7AA149195}"
EndProject
Project("{2150E333-8FDC-42A3-9474-1A3956D46DE8}") = "Core", "Core", "{1069E2EE-BB95-419C-B27F-5DBD26D2E6CF}"
EndProject
Project("{2150E333-8FDC-42A3-9474-1A3956D46DE8}") = "Identity", "Identity", "{0756C6CB-239E-4636-997E-266ABDFCC1C8}"
EndProject
Project("{9A19103F-16F7-4668-BE54-9A1E7A4F7556}") = "DevStore.Identity.API", "src\services\DevStore.Identity.API\DevStore.Identity.API.csproj", "{6CF71763-40E4-4F6F-ACE6-7854C5698A05}"
EndProject
Project("{2150E333-8FDC-42A3-9474-1A3956D46DE8}") = "Email", "Email", "{1D1CF0D7-8F21-4617-A863-FBC136CAB92F}"
EndProject
Project("{9A19103F-16F7-4668-BE54-9A1E7A4F7556}") = "DS.Email", "src\services\DS.Email\DS.Email.csproj", "{0FDE1A5E-D8AE-4FFC-99E8-9C902460C4F1}"
EndProject
Project("{2150E333-8FDC-42A3-9474-1A3956D46DE8}") = "Services", "Services", "{6D10D3B7-3263-49A1-8B85-6A037748F0A2}"
EndProject
Project("{9A19103F-16F7-4668-BE54-9A1E7A4F7556}") = "DevStore.API.Core", "src\building blocks\DevStore.API.Core\DevStore.API.Core.csproj", "{74B7EF76-5A92-4FEA-B681-3E05631055CB}"
EndProject
Project("{2150E333-8FDC-42A3-9474-1A3956D46DE8}") = "Identity", "Identity", "{6D3CC8A0-DB3B-415D-AB2B-D0BC38ECB0A1}"
EndProject
Global
	GlobalSection(SolutionConfigurationPlatforms) = preSolution
		Debug|Any CPU = Debug|Any CPU
		Release|Any CPU = Release|Any CPU
	EndGlobalSection
	GlobalSection(ProjectConfigurationPlatforms) = postSolution
		{6CF71763-40E4-4F6F-ACE6-7854C5698A05}.Debug|Any CPU.ActiveCfg = Debug|Any CPU
		{6CF71763-40E4-4F6F-ACE6-7854C5698A05}.Debug|Any CPU.Build.0 = Debug|Any CPU
		{6CF71763-40E4-4F6F-ACE6-7854C5698A05}.Release|Any CPU.ActiveCfg = Release|Any CPU
		{6CF71763-40E4-4F6F-ACE6-7854C5698A05}.Release|Any CPU.Build.0 = Release|Any CPU
		{0FDE1A5E-D8AE-4FFC-99E8-9C902460C4F1}.Debug|Any CPU.ActiveCfg = Debug|Any CPU
		{0FDE1A5E-D8AE-4FFC-99E8-9C902460C4F1}.Debug|Any CPU.Build.0 = Debug|Any CPU
		{0FDE1A5E-D8AE-4FFC-99E8-9C902460C4F1}.Release|Any CPU.ActiveCfg = Release|Any CPU
		{0FDE1A5E-D8AE-4FFC-99E8-9C902460C4F1}.Release|Any CPU.Build.0 = Release|Any CPU
		{74B7EF76-5A92-4FEA-B681-3E05631055CB}.Debug|Any CPU.ActiveCfg = Debug|Any CPU
		{74B7EF76-5A92-4FEA-B681-3E05631055CB}.Debug|Any CPU.Build.0 = Debug|Any CPU
		{74B7EF76-5A92-4FEA-B681-3E05631055CB}.Release|Any CPU.ActiveCfg = Release|Any CPU
		{74B7EF76-5A92-4FEA-B681-3E05631055CB}.Release|Any CPU.Build.0 = Release|Any CPU
	EndGlobalSection
	GlobalSection(SolutionProperties) = preSolution
		HideSolutionNode = FALSE
	EndGlobalSection
	GlobalSection(NestedProjects) = preSolution
		{C0444C70-914F-42DB-A1A0-F4CEBBD58C2F} = {208DC93A-42F5-473D-AD24-EF222B4538A0}
		{81FFD762-F171-4A21-97A9-E31551C82D91} = {208DC93A-42F5-473D-AD24-EF222B4538A0}
		{2B5600F4-07B7-4C22-939C-D9EB592E5FD2} = {208DC93A-42F5-473D-AD24-EF222B4538A0}
		{DECFC6E1-D2F7-43B2-A2D4-52B7AA149195} = {208DC93A-42F5-473D-AD24-EF222B4538A0}
		{1069E2EE-BB95-419C-B27F-5DBD26D2E6CF} = {81FFD762-F171-4A21-97A9-E31551C82D91}
		{0756C6CB-239E-4636-997E-266ABDFCC1C8} = {2B5600F4-07B7-4C22-939C-D9EB592E5FD2}
		{6CF71763-40E4-4F6F-ACE6-7854C5698A05} = {0756C6CB-239E-4636-997E-266ABDFCC1C8}
		{1D1CF0D7-8F21-4617-A863-FBC136CAB92F} = {2B5600F4-07B7-4C22-939C-D9EB592E5FD2}
		{0FDE1A5E-D8AE-4FFC-99E8-9C902460C4F1} = {1D1CF0D7-8F21-4617-A863-FBC136CAB92F}
		{6D10D3B7-3263-49A1-8B85-6A037748F0A2} = {81FFD762-F171-4A21-97A9-E31551C82D91}
		{74B7EF76-5A92-4FEA-B681-3E05631055CB} = {6D10D3B7-3263-49A1-8B85-6A037748F0A2}
		{6D3CC8A0-DB3B-415D-AB2B-D0BC38ECB0A1} = {DECFC6E1-D2F7-43B2-A2D4-52B7AA149195}
	EndGlobalSection
	GlobalSection(ExtensibilityGlobals) = postSolution
		SolutionGuid = {6CB2935A-37C9-4443-AB52-FC407D00CFF4}
	EndGlobalSection
EndGlobal
